
Microsoft Visual Studio Solution File, Format Version 11.00
# Visual Studio 2010
Project("{FAE04EC0-301F-11D3-BF4B-00C04F79EFBC}") = "Assembly-CSharp", "Assembly-CSharp.csproj", "{8a617ec6-d842-6e23-d7dd-90d5b91978bd}"
EndProject
Project("{FAE04EC0-301F-11D3-BF4B-00C04F79EFBC}") = "Assembly-CSharp-Editor", "Assembly-CSharp-Editor.csproj", "{2f13b6df-77b9-ce59-bd38-40460cccc386}"
EndProject
Global
	GlobalSection(SolutionConfigurationPlatforms) = preSolution
		Debug|Any CPU = Debug|Any CPU
	EndGlobalSection
	GlobalSection(ProjectConfigurationPlatforms) = postSolution
		{8a617ec6-d842-6e23-d7dd-90d5b91978bd}.Debug|Any CPU.ActiveCfg = Debug|Any CPU
		{8a617ec6-d842-6e23-d7dd-90d5b91978bd}.Debug|Any CPU.Build.0 = Debug|Any CPU
		{2f13b6df-77b9-ce59-bd38-40460cccc386}.Debug|Any CPU.ActiveCfg = Debug|Any CPU
		{2f13b6df-77b9-ce59-bd38-40460cccc386}.Debug|Any CPU.Build.0 = Debug|Any CPU
	EndGlobalSection
	GlobalSection(SolutionProperties) = preSolution
		HideSolutionNode = FALSE
	EndGlobalSection
EndGlobal
